{
    "_readme": [
        "This file locks the dependencies of your project to a known state",
        "Read more about it at https://getcomposer.org/doc/01-basic-usage.md#installing-dependencies",
        "This file is @generated automatically"
    ],
    "content-hash": "48f5fda9ce27bf6fbd6ebb66328b5556",
    "packages": [],
    "packages-dev": [
        {
            "name": "promo-code/laravel-schema-helper",
            "version": "v1.0.0",
            "source": {
                "type": "git",
                "url": "https://github.com/promo-code/laravel-schema-helper.git",
                "reference": "3ffea863ff905f1088547e137d9ebfb4ae7b48bb"
            },
            "dist": {
                "type": "zip",
                "url": "https://api.github.com/repos/promo-code/laravel-schema-helper/zipball/3ffea863ff905f1088547e137d9ebfb4ae7b48bb",
                "reference": "3ffea863ff905f1088547e137d9ebfb4ae7b48bb",
                "shasum": ""
            },
            "require-dev": {
                "laravel/framework": "^5.8",
                "roave/security-advisories": "dev-master"
            },
            "type": "library",
            "autoload": {
                "psr-4": {
                    "PromoCode\\LaravelSchemaHelper\\": "src/"
                }
            },
            "notification-url": "https://packagist.org/downloads/",
            "license": [
                "MIT"
            ],
            "authors": [
                {
                    "name": "Michael Kelly",
                    "email": "mkelly@newmediaretailer.com"
                }
            ],
            "description": "Laravel-based helper for migrations",
            "time": "2019-09-19T15:07:36+00:00"
        }
    ],
    "aliases": [],
    "minimum-stability": "dev",
    "stability-flags": [],
    "prefer-stable": true,
    "prefer-lowest": false,
    "platform": [],
    "platform-dev": []
}
